{
  "name": "clone",
  "version": "1.0.0",
  "lockfileVersion": 1,
  "requires": true,
  "dependencies": {
    "@viktorka1347/ajs2": {
      "version": "1.0.0",
      "resolved": "https://npm.pkg.github.com/download/@viktorka1347/ajs2/1.0.0/996c5a5a03cf806535a081f4733ccca567bf0e1e6d40b87e291d5de7b31052c9",
      "integrity": "sha512-2qWiKm3BY1Hck0xYWpP4NLXUEGlbnlx675bONd0g8rrVOGEq5Y9DBTp3wYNskHUybMj6dmB08KjyrFgVx+Bn0Q=="
    }
  }
}
